<?xml version="1.0" encoding="UTF-8" standalone="yes" ?>
<CodeBlocks_project_file>
	<FileVersion major="1" minor="6" />
	<Project>
		<Option title="DaemonRunners" />
		<Option pch_mode="2" />
		<Option compiler="gcc" />
		<Build>
			<Target title="Debug">
				<Option output="bin/Debug/DaemonRunners" prefix_auto="1" extension_auto="1" />
				<Option object_output="." />
				<Option type="1" />
				<Option compiler="gcc" />
				<Compiler>
					<Add option="-g" />
				</Compiler>
				<Linker>
					<Add library="C:/SFML-2.4.0/lib/libsfml-system-d.a" />
					<Add library="C:/SFML-2.4.0/lib/libsfml-window-d.a" />
					<Add library="C:/SFML-2.4.0/lib/libsfml-graphics-d.a" />
					<Add library="C:/SFML-2.4.0/lib/libsfml-network-d.a" />
					<Add library="C:/Projects/SFGUI-Build/lib/libsfgui.a" />
				</Linker>
			</Target>
			<Target title="Release">
				<Option output="DaemonRunners" prefix_auto="1" extension_auto="1" />
				<Option object_output="." />
				<Option type="1" />
				<Option compiler="gcc" />
				<Option use_console_runner="0" />
				<Linker>
					<Add library="C:/SFML-2.4.0/lib/libsfml-system.a" />
					<Add library="C:/SFML-2.4.0/lib/libsfml-window.a" />
					<Add library="C:/SFML-2.4.0/lib/libsfml-graphics.a" />
					<Add library="C:/SFML-2.4.0/lib/libsfml-network.a" />
					<Add library="C:/Projects/SFGUI-Build/lib/libsfgui.a" />
				</Linker>
			</Target>
		</Build>
		<Compiler>
			<Add option="-pedantic" />
			<Add option="-Wfatal-errors" />
			<Add option="-Wextra" />
			<Add option="-Wall" />
			<Add option="-pg" />
			<Add directory="C:/SFML-2.4.0/include" />
		</Compiler>
		<Linker>
			<Add option="-pg -lgmon" />
			<Add directory="C:/SFML-2.4.0/lib" />
		</Linker>
		<Unit filename="cb.bmp" />
		<Unit filename="src/Camera.cpp" />
		<Unit filename="src/Camera.h" />
		<Unit filename="src/Client.cpp" />
		<Unit filename="src/Client.h" />
		<Unit filename="src/Game.cpp" />
		<Unit filename="src/Game.h" />
		<Unit filename="src/InputState.cpp" />
		<Unit filename="src/InputState.h" />
		<Unit filename="src/Networking.cpp" />
		<Unit filename="src/Networking.h" />
		<Unit filename="src/Organism.cpp" />
		<Unit filename="src/Organism.h" />
		<Unit filename="src/Profile.cpp" />
		<Unit filename="src/Profile.h" />
		<Unit filename="src/Quadtree.h" />
		<Unit filename="src/RichText.cpp" />
		<Unit filename="src/RichText.hpp" />
		<Unit filename="src/SaveLoad.cpp" />
		<Unit filename="src/SaveLoad.h" />
		<Unit filename="src/Server.cpp" />
		<Unit filename="src/Server.h" />
		<Unit filename="src/Shapes.cpp" />
		<Unit filename="src/Shapes.h" />
		<Unit filename="src/Simulation.cpp" />
		<Unit filename="src/Simulation.h" />
		<Unit filename="src/Text.cpp" />
		<Unit filename="src/Text.h" />
		<Unit filename="src/Textures.cpp" />
		<Unit filename="src/Textures.h" />
		<Unit filename="src/Tiles.cpp" />
		<Unit filename="src/Tiles.h" />
		<Unit filename="src/defs.cpp" />
		<Unit filename="src/defs.h" />
		<Unit filename="src/filesystemUtils.cpp" />
		<Unit filename="src/filesystemUtils.hpp" />
		<Unit filename="src/globalvars.cpp" />
		<Unit filename="src/globalvars.h" />
		<Unit filename="src/main.cpp" />
		<Unit filename="src/math.cpp" />
		<Unit filename="src/math.h" />
		<Unit filename="src/util.cpp" />
		<Unit filename="src/util.h" />
		<Extensions>
			<code_completion />
			<envvars />
			<debugger />
			<lib_finder disable_auto="1" />
		</Extensions>
	</Project>
</CodeBlocks_project_file>
